
Microsoft Visual Studio Solution File, Format Version 12.00
# Visual Studio Version 17
VisualStudioVersion = 17.12.35514.174 d17.12
MinimumVisualStudioVersion = 10.0.40219.1
Project("{FAE04EC0-301F-11D3-BF4B-00C04F79EFBC}") = "WpfHW3", "WpfHW3\WpfHW3.csproj", "{D33F6AEF-0C31-4CDB-B7CA-8E4E046599FF}"
EndProject
Global
	GlobalSection(SolutionConfigurationPlatforms) = preSolution
		Debug|Any CPU = Debug|Any CPU
		Release|Any CPU = Release|Any CPU
	EndGlobalSection
	GlobalSection(ProjectConfigurationPlatforms) = postSolution
		{D33F6AEF-0C31-4CDB-B7CA-8E4E046599FF}.Debug|Any CPU.ActiveCfg = Debug|Any CPU
		{D33F6AEF-0C31-4CDB-B7CA-8E4E046599FF}.Debug|Any CPU.Build.0 = Debug|Any CPU
		{D33F6AEF-0C31-4CDB-B7CA-8E4E046599FF}.Release|Any CPU.ActiveCfg = Release|Any CPU
		{D33F6AEF-0C31-4CDB-B7CA-8E4E046599FF}.Release|Any CPU.Build.0 = Release|Any CPU
	EndGlobalSection
	GlobalSection(SolutionProperties) = preSolution
		HideSolutionNode = FALSE
	EndGlobalSection
EndGlobal
